
Microsoft Visual Studio Solution File, Format Version 12.00
# Visual Studio Version 16
VisualStudioVersion = 16.0.30114.105
MinimumVisualStudioVersion = 10.0.40219.1
Project("{FAE04EC0-301F-11D3-BF4B-00C04F79EFBC}") = "TaskManagementSystem", "TaskManagementSystem.csproj", "{CE35657A-FD93-43CB-A4E5-A956C562E381}"
EndProject
Global
	GlobalSection(SolutionConfigurationPlatforms) = preSolution
		Debug|Any CPU = Debug|Any CPU
		Release|Any CPU = Release|Any CPU
	EndGlobalSection
	GlobalSection(ProjectConfigurationPlatforms) = postSolution
		{CE35657A-FD93-43CB-A4E5-A956C562E381}.Debug|Any CPU.ActiveCfg = Debug|Any CPU
		{CE35657A-FD93-43CB-A4E5-A956C562E381}.Debug|Any CPU.Build.0 = Debug|Any CPU
		{CE35657A-FD93-43CB-A4E5-A956C562E381}.Release|Any CPU.ActiveCfg = Release|Any CPU
		{CE35657A-FD93-43CB-A4E5-A956C562E381}.Release|Any CPU.Build.0 = Release|Any CPU
	EndGlobalSection
	GlobalSection(SolutionProperties) = preSolution
		HideSolutionNode = FALSE
	EndGlobalSection
	GlobalSection(ExtensibilityGlobals) = postSolution
		SolutionGuid = {4B0D2482-3E1E-4E1C-B254-5BC30F86D74D}
	EndGlobalSection
EndGlobal
